
Microsoft Visual Studio Solution File, Format Version 12.00
# Visual Studio Version 17
VisualStudioVersion = 17.11.35327.3
MinimumVisualStudioVersion = 10.0.40219.1
Project("{FAE04EC0-301F-11D3-BF4B-00C04F79EFBC}") = "URCApi", "URCApi\URCApi.csproj", "{C17EBF8D-6310-4805-81E4-238C446CB150}"
EndProject
Global
	GlobalSection(SolutionConfigurationPlatforms) = preSolution
		Debug|Any CPU = Debug|Any CPU
		Release|Any CPU = Release|Any CPU
	EndGlobalSection
	GlobalSection(ProjectConfigurationPlatforms) = postSolution
		{C17EBF8D-6310-4805-81E4-238C446CB150}.Debug|Any CPU.ActiveCfg = Debug|Any CPU
		{C17EBF8D-6310-4805-81E4-238C446CB150}.Debug|Any CPU.Build.0 = Debug|Any CPU
		{C17EBF8D-6310-4805-81E4-238C446CB150}.Release|Any CPU.ActiveCfg = Release|Any CPU
		{C17EBF8D-6310-4805-81E4-238C446CB150}.Release|Any CPU.Build.0 = Release|Any CPU
	EndGlobalSection
	GlobalSection(SolutionProperties) = preSolution
		HideSolutionNode = FALSE
	EndGlobalSection
	GlobalSection(ExtensibilityGlobals) = postSolution
		SolutionGuid = {4306ABE8-FED9-42C7-8C9E-2719BCD04BF4}
	EndGlobalSection
EndGlobal
